
Microsoft Visual Studio Solution File, Format Version 12.00
# Visual Studio Version 17
VisualStudioVersion = 17.1.32228.430
MinimumVisualStudioVersion = 10.0.40219.1
Project("{9A19103F-16F7-4668-BE54-9A1E7A4F7556}") = "ScrumBoard", "ScrumBoard\ScrumBoard.csproj", "{EF774269-A774-4849-AF3F-F62F15A7407F}"
EndProject
Project("{FAE04EC0-301F-11D3-BF4B-00C04F79EFBC}") = "ScrumBoard.Tests", "ScrumBoard.Tests\ScrumBoard.Tests.csproj", "{E1695A23-3BE3-4489-8151-54BEB8F4C23D}"
EndProject
Global
	GlobalSection(SolutionConfigurationPlatforms) = preSolution
		Debug|Any CPU = Debug|Any CPU
		Release|Any CPU = Release|Any CPU
	EndGlobalSection
	GlobalSection(ProjectConfigurationPlatforms) = postSolution
		{EF774269-A774-4849-AF3F-F62F15A7407F}.Debug|Any CPU.ActiveCfg = Debug|Any CPU
		{EF774269-A774-4849-AF3F-F62F15A7407F}.Debug|Any CPU.Build.0 = Debug|Any CPU
		{EF774269-A774-4849-AF3F-F62F15A7407F}.Release|Any CPU.ActiveCfg = Release|Any CPU
		{EF774269-A774-4849-AF3F-F62F15A7407F}.Release|Any CPU.Build.0 = Release|Any CPU
		{E1695A23-3BE3-4489-8151-54BEB8F4C23D}.Debug|Any CPU.ActiveCfg = Debug|Any CPU
		{E1695A23-3BE3-4489-8151-54BEB8F4C23D}.Debug|Any CPU.Build.0 = Debug|Any CPU
		{E1695A23-3BE3-4489-8151-54BEB8F4C23D}.Release|Any CPU.ActiveCfg = Release|Any CPU
		{E1695A23-3BE3-4489-8151-54BEB8F4C23D}.Release|Any CPU.Build.0 = Release|Any CPU
	EndGlobalSection
	GlobalSection(SolutionProperties) = preSolution
		HideSolutionNode = FALSE
	EndGlobalSection
	GlobalSection(ExtensibilityGlobals) = postSolution
		SolutionGuid = {D6C3171B-A319-4192-B395-28C9F6FF68F4}
	EndGlobalSection
EndGlobal
